
Microsoft Visual Studio Solution File, Format Version 12.00
# Visual Studio Version 17
VisualStudioVersion = 17.4.33103.184
MinimumVisualStudioVersion = 10.0.40219.1
Project("{FAE04EC0-301F-11D3-BF4B-00C04F79EFBC}") = "ConsoleApp1", "ConsoleApp1\ConsoleApp1.csproj", "{065FEFCD-98B3-4C97-BAEE-5CDD04703C71}"
EndProject
Project("{FAE04EC0-301F-11D3-BF4B-00C04F79EFBC}") = "MSTest", "MSTest\MSTest.csproj", "{0F5049FF-F9B2-433E-9D02-68ACB3801880}"
EndProject
Global
	GlobalSection(SolutionConfigurationPlatforms) = preSolution
		Debug|Any CPU = Debug|Any CPU
		Release|Any CPU = Release|Any CPU
	EndGlobalSection
	GlobalSection(ProjectConfigurationPlatforms) = postSolution
		{065FEFCD-98B3-4C97-BAEE-5CDD04703C71}.Debug|Any CPU.ActiveCfg = Debug|Any CPU
		{065FEFCD-98B3-4C97-BAEE-5CDD04703C71}.Debug|Any CPU.Build.0 = Debug|Any CPU
		{065FEFCD-98B3-4C97-BAEE-5CDD04703C71}.Release|Any CPU.ActiveCfg = Release|Any CPU
		{065FEFCD-98B3-4C97-BAEE-5CDD04703C71}.Release|Any CPU.Build.0 = Release|Any CPU
		{0F5049FF-F9B2-433E-9D02-68ACB3801880}.Debug|Any CPU.ActiveCfg = Debug|Any CPU
		{0F5049FF-F9B2-433E-9D02-68ACB3801880}.Debug|Any CPU.Build.0 = Debug|Any CPU
		{0F5049FF-F9B2-433E-9D02-68ACB3801880}.Release|Any CPU.ActiveCfg = Release|Any CPU
		{0F5049FF-F9B2-433E-9D02-68ACB3801880}.Release|Any CPU.Build.0 = Release|Any CPU
	EndGlobalSection
	GlobalSection(SolutionProperties) = preSolution
		HideSolutionNode = FALSE
	EndGlobalSection
	GlobalSection(ExtensibilityGlobals) = postSolution
		SolutionGuid = {B8E6929E-A422-4729-9DC4-7AFD7CD46E57}
	EndGlobalSection
EndGlobal
